
Microsoft Visual Studio Solution File, Format Version 12.00
# Visual Studio Version 17
VisualStudioVersion = 17.10.34916.146
MinimumVisualStudioVersion = 10.0.40219.1
Project("{8BC9CEB8-8B4A-11D0-8D11-00A0C91BC942}") = "acpifiltr", "acpifiltr.vcxproj", "{001BC35F-902E-4269-A6ED-EE5DB2714A91}"
EndProject
Global
	GlobalSection(SolutionConfigurationPlatforms) = preSolution
		Debug|ARM64 = Debug|ARM64
		Debug|x64 = Debug|x64
		Release|ARM64 = Release|ARM64
		Release|x64 = Release|x64
	EndGlobalSection
	GlobalSection(ProjectConfigurationPlatforms) = postSolution
		{001BC35F-902E-4269-A6ED-EE5DB2714A91}.Debug|ARM64.ActiveCfg = Debug|ARM64
		{001BC35F-902E-4269-A6ED-EE5DB2714A91}.Debug|ARM64.Build.0 = Debug|ARM64
		{001BC35F-902E-4269-A6ED-EE5DB2714A91}.Debug|ARM64.Deploy.0 = Debug|ARM64
		{001BC35F-902E-4269-A6ED-EE5DB2714A91}.Debug|x64.ActiveCfg = Debug|x64
		{001BC35F-902E-4269-A6ED-EE5DB2714A91}.Debug|x64.Build.0 = Debug|x64
		{001BC35F-902E-4269-A6ED-EE5DB2714A91}.Debug|x64.Deploy.0 = Debug|x64
		{001BC35F-902E-4269-A6ED-EE5DB2714A91}.Release|ARM64.ActiveCfg = Release|ARM64
		{001BC35F-902E-4269-A6ED-EE5DB2714A91}.Release|ARM64.Build.0 = Release|ARM64
		{001BC35F-902E-4269-A6ED-EE5DB2714A91}.Release|ARM64.Deploy.0 = Release|ARM64
		{001BC35F-902E-4269-A6ED-EE5DB2714A91}.Release|x64.ActiveCfg = Release|x64
		{001BC35F-902E-4269-A6ED-EE5DB2714A91}.Release|x64.Build.0 = Release|x64
		{001BC35F-902E-4269-A6ED-EE5DB2714A91}.Release|x64.Deploy.0 = Release|x64
	EndGlobalSection
	GlobalSection(SolutionProperties) = preSolution
		HideSolutionNode = FALSE
	EndGlobalSection
	GlobalSection(ExtensibilityGlobals) = postSolution
		SolutionGuid = {D46FBE50-433F-4D5A-8C71-A8093D6E979E}
	EndGlobalSection
EndGlobal
